
Microsoft Visual Studio Solution File, Format Version 12.00
# Visual Studio Version 16
VisualStudioVersion = 16.0.30523.141
MinimumVisualStudioVersion = 10.0.40219.1
Project("{FAE04EC0-301F-11D3-BF4B-00C04F79EFBC}") = "ClinicManagement", "ClinicManagement.csproj", "{EE3AA56A-F130-4504-80EA-69DD81B91655}"
EndProject
Global
	GlobalSection(SolutionConfigurationPlatforms) = preSolution
		Debug|Any CPU = Debug|Any CPU
		Release|Any CPU = Release|Any CPU
	EndGlobalSection
	GlobalSection(ProjectConfigurationPlatforms) = postSolution
		{EE3AA56A-F130-4504-80EA-69DD81B91655}.Debug|Any CPU.ActiveCfg = Debug|Any CPU
		{EE3AA56A-F130-4504-80EA-69DD81B91655}.Debug|Any CPU.Build.0 = Debug|Any CPU
		{EE3AA56A-F130-4504-80EA-69DD81B91655}.Release|Any CPU.ActiveCfg = Release|Any CPU
		{EE3AA56A-F130-4504-80EA-69DD81B91655}.Release|Any CPU.Build.0 = Release|Any CPU
	EndGlobalSection
	GlobalSection(SolutionProperties) = preSolution
		HideSolutionNode = FALSE
	EndGlobalSection
	GlobalSection(ExtensibilityGlobals) = postSolution
		SolutionGuid = {2B0E2A40-A889-4E73-95EC-A11D63CE8817}
	EndGlobalSection
EndGlobal
